
Microsoft Visual Studio Solution File, Format Version 12.00
# Visual Studio 15
VisualStudioVersion = 15.0.27703.2026
MinimumVisualStudioVersion = 10.0.40219.1
Project("{FAE04EC0-301F-11D3-BF4B-00C04F79EFBC}") = "SimonAPI", "SimonAPI\SimonAPI.csproj", "{8709F147-5246-474A-8476-D25401B4C491}"
EndProject
Global
	GlobalSection(SolutionConfigurationPlatforms) = preSolution
		Debug|Any CPU = Debug|Any CPU
		Release|Any CPU = Release|Any CPU
	EndGlobalSection
	GlobalSection(ProjectConfigurationPlatforms) = postSolution
		{8709F147-5246-474A-8476-D25401B4C491}.Debug|Any CPU.ActiveCfg = Debug|Any CPU
		{8709F147-5246-474A-8476-D25401B4C491}.Debug|Any CPU.Build.0 = Debug|Any CPU
		{8709F147-5246-474A-8476-D25401B4C491}.Release|Any CPU.ActiveCfg = Release|Any CPU
		{8709F147-5246-474A-8476-D25401B4C491}.Release|Any CPU.Build.0 = Release|Any CPU
	EndGlobalSection
	GlobalSection(SolutionProperties) = preSolution
		HideSolutionNode = FALSE
	EndGlobalSection
	GlobalSection(ExtensibilityGlobals) = postSolution
		SolutionGuid = {A362A154-C7C3-4F85-B480-41FAAFD9F539}
	EndGlobalSection
EndGlobal
